// !$*UTF8*$!
{
	archiveVersion = 1;
	classes = {
	};
	objectVersion = 50;
	objects = {

/* Begin PBXBuildFile section */
		520A2152266758040044C174 /* ViewModel.swift in Sources */ = {isa = PBXBuildFile; fileRef = 520A2151266758040044C174 /* ViewModel.swift */; };
		520A2155266769660044C174 /* DI.swift in Sources */ = {isa = PBXBuildFile; fileRef = 520A2154266769660044C174 /* DI.swift */; };
		520A215926677FBD0044C174 /* NetworkService.swift in Sources */ = {isa = PBXBuildFile; fileRef = 520A215826677FBD0044C174 /* NetworkService.swift */; };
		520A215B266780040044C174 /* NetworkDataFetcher.swift in Sources */ = {isa = PBXBuildFile; fileRef = 520A215A266780040044C174 /* NetworkDataFetcher.swift */; };
		520A215D266780DE0044C174 /* DataFetcherService.swift in Sources */ = {isa = PBXBuildFile; fileRef = 520A215C266780DE0044C174 /* DataFetcherService.swift */; };
		520A215F2667821A0044C174 /* Model.swift in Sources */ = {isa = PBXBuildFile; fileRef = 520A215E2667821A0044C174 /* Model.swift */; };
		520A216326679EA70044C174 /* UIViewController.swift in Sources */ = {isa = PBXBuildFile; fileRef = 520A216226679EA70044C174 /* UIViewController.swift */; };
		520A21652667AE380044C174 /* Array.swift in Sources */ = {isa = PBXBuildFile; fileRef = 520A21642667AE380044C174 /* Array.swift */; };
		52153460266666A900384EA2 /* AppDelegate.swift in Sources */ = {isa = PBXBuildFile; fileRef = 5215345F266666A900384EA2 /* AppDelegate.swift */; };
		52153462266666A900384EA2 /* SceneDelegate.swift in Sources */ = {isa = PBXBuildFile; fileRef = 52153461266666A900384EA2 /* SceneDelegate.swift */; };
		52153464266666A900384EA2 /* ViewControllerVideo.swift in Sources */ = {isa = PBXBuildFile; fileRef = 52153463266666A900384EA2 /* ViewControllerVideo.swift */; };
		52153469266666AB00384EA2 /* Assets.xcassets in Resources */ = {isa = PBXBuildFile; fileRef = 52153468266666AB00384EA2 /* Assets.xcassets */; };
		5215346C266666AB00384EA2 /* LaunchScreen.storyboard in Resources */ = {isa = PBXBuildFile; fileRef = 5215346A266666AB00384EA2 /* LaunchScreen.storyboard */; };
		52153474266667A200384EA2 /* PageViewController.swift in Sources */ = {isa = PBXBuildFile; fileRef = 52153473266667A200384EA2 /* PageViewController.swift */; };
		52A1FDB9266CD6BC0081BB91 /* VideoViewModel.swift in Sources */ = {isa = PBXBuildFile; fileRef = 52A1FDB8266CD6BC0081BB91 /* VideoViewModel.swift */; };
/* End PBXBuildFile section */

/* Begin PBXFileReference section */
		520A2151266758040044C174 /* ViewModel.swift */ = {isa = PBXFileReference; lastKnownFileType = sourcecode.swift; path = ViewModel.swift; sourceTree = "<group>"; };
		520A2154266769660044C174 /* DI.swift */ = {isa = PBXFileReference; lastKnownFileType = sourcecode.swift; path = DI.swift; sourceTree = "<group>"; };
		520A215826677FBD0044C174 /* NetworkService.swift */ = {isa = PBXFileReference; lastKnownFileType = sourcecode.swift; path = NetworkService.swift; sourceTree = "<group>"; };
		520A215A266780040044C174 /* NetworkDataFetcher.swift */ = {isa = PBXFileReference; lastKnownFileType = sourcecode.swift; path = NetworkDataFetcher.swift; sourceTree = "<group>"; };
		520A215C266780DE0044C174 /* DataFetcherService.swift */ = {isa = PBXFileReference; lastKnownFileType = sourcecode.swift; path = DataFetcherService.swift; sourceTree = "<group>"; };
		520A215E2667821A0044C174 /* Model.swift */ = {isa = PBXFileReference; lastKnownFileType = sourcecode.swift; path = Model.swift; sourceTree = "<group>"; };
		520A216226679EA70044C174 /* UIViewController.swift */ = {isa = PBXFileReference; lastKnownFileType = sourcecode.swift; path = UIViewController.swift; sourceTree = "<group>"; };
		520A21642667AE380044C174 /* Array.swift */ = {isa = PBXFileReference; lastKnownFileType = sourcecode.swift; path = Array.swift; sourceTree = "<group>"; };
		5215345C266666A900384EA2 /* TestVTB.app */ = {isa = PBXFileReference; explicitFileType = wrapper.application; includeInIndex = 0; path = TestVTB.app; sourceTree = BUILT_PRODUCTS_DIR; };
		5215345F266666A900384EA2 /* AppDelegate.swift */ = {isa = PBXFileReference; lastKnownFileType = sourcecode.swift; path = AppDelegate.swift; sourceTree = "<group>"; };
		52153461266666A900384EA2 /* SceneDelegate.swift */ = {isa = PBXFileReference; lastKnownFileType = sourcecode.swift; path = SceneDelegate.swift; sourceTree = "<group>"; };
		52153463266666A900384EA2 /* ViewControllerVideo.swift */ = {isa = PBXFileReference; lastKnownFileType = sourcecode.swift; path = ViewControllerVideo.swift; sourceTree = "<group>"; };
		52153468266666AB00384EA2 /* Assets.xcassets */ = {isa = PBXFileReference; lastKnownFileType = folder.assetcatalog; path = Assets.xcassets; sourceTree = "<group>"; };
		5215346B266666AB00384EA2 /* Base */ = {isa = PBXFileReference; lastKnownFileType = file.storyboard; name = Base; path = Base.lproj/LaunchScreen.storyboard; sourceTree = "<group>"; };
		5215346D266666AB00384EA2 /* Info.plist */ = {isa = PBXFileReference; lastKnownFileType = text.plist.xml; path = Info.plist; sourceTree = "<group>"; };
		52153473266667A200384EA2 /* PageViewController.swift */ = {isa = PBXFileReference; lastKnownFileType = sourcecode.swift; path = PageViewController.swift; sourceTree = "<group>"; };
		52A1FDB8266CD6BC0081BB91 /* VideoViewModel.swift */ = {isa = PBXFileReference; lastKnownFileType = sourcecode.swift; path = VideoViewModel.swift; sourceTree = "<group>"; };
/* End PBXFileReference section */

/* Begin PBXFrameworksBuildPhase section */
		52153459266666A900384EA2 /* Frameworks */ = {
			isa = PBXFrameworksBuildPhase;
			buildActionMask = 2147483647;
			files = (
			);
			runOnlyForDeploymentPostprocessing = 0;
		};
/* End PBXFrameworksBuildPhase section */

/* Begin PBXGroup section */
		520A214F26674A9C0044C174 /* Resources */ = {
			isa = PBXGroup;
			children = (
				5215345F266666A900384EA2 /* AppDelegate.swift */,
				52153461266666A900384EA2 /* SceneDelegate.swift */,
				52153468266666AB00384EA2 /* Assets.xcassets */,
				5215346A266666AB00384EA2 /* LaunchScreen.storyboard */,
				5215346D266666AB00384EA2 /* Info.plist */,
			);
			path = Resources;
			sourceTree = "<group>";
		};
		520A2150266757D30044C174 /* ViewControllers */ = {
			isa = PBXGroup;
			children = (
				520A21532667580B0044C174 /* PageViewController */,
				52A1FDBA266CD6C80081BB91 /* ViewControllerVideo */,
			);
			path = ViewControllers;
			sourceTree = "<group>";
		};
		520A21532667580B0044C174 /* PageViewController */ = {
			isa = PBXGroup;
			children = (
				52153473266667A200384EA2 /* PageViewController.swift */,
				520A2151266758040044C174 /* ViewModel.swift */,
			);
			path = PageViewController;
			sourceTree = "<group>";
		};
		520A215626677D510044C174 /* API */ = {
			isa = PBXGroup;
			children = (
				520A215826677FBD0044C174 /* NetworkService.swift */,
				520A215A266780040044C174 /* NetworkDataFetcher.swift */,
				520A215C266780DE0044C174 /* DataFetcherService.swift */,
			);
			path = API;
			sourceTree = "<group>";
		};
		520A215726677D750044C174 /* Models */ = {
			isa = PBXGroup;
			children = (
				520A215E2667821A0044C174 /* Model.swift */,
			);
			path = Models;
			sourceTree = "<group>";
		};
		520A216026679E670044C174 /* Extensions */ = {
			isa = PBXGroup;
			children = (
				520A216226679EA70044C174 /* UIViewController.swift */,
				520A21642667AE380044C174 /* Array.swift */,
			);
			path = Extensions;
			sourceTree = "<group>";
		};
		52153453266666A900384EA2 = {
			isa = PBXGroup;
			children = (
				5215345E266666A900384EA2 /* TestVTB */,
				5215345D266666A900384EA2 /* Products */,
			);
			sourceTree = "<group>";
		};
		5215345D266666A900384EA2 /* Products */ = {
			isa = PBXGroup;
			children = (
				5215345C266666A900384EA2 /* TestVTB.app */,
			);
			name = Products;
			sourceTree = "<group>";
		};
		5215345E266666A900384EA2 /* TestVTB */ = {
			isa = PBXGroup;
			children = (
				520A2154266769660044C174 /* DI.swift */,
				520A215726677D750044C174 /* Models */,
				520A215626677D510044C174 /* API */,
				520A214F26674A9C0044C174 /* Resources */,
				520A216026679E670044C174 /* Extensions */,
				520A2150266757D30044C174 /* ViewControllers */,
			);
			path = TestVTB;
			sourceTree = "<group>";
		};
		52A1FDBA266CD6C80081BB91 /* ViewControllerVideo */ = {
			isa = PBXGroup;
			children = (
				52153463266666A900384EA2 /* ViewControllerVideo.swift */,
				52A1FDB8266CD6BC0081BB91 /* VideoViewModel.swift */,
			);
			path = ViewControllerVideo;
			sourceTree = "<group>";
		};
/* End PBXGroup section */

/* Begin PBXNativeTarget section */
		5215345B266666A900384EA2 /* TestVTB */ = {
			isa = PBXNativeTarget;
			buildConfigurationList = 52153470266666AB00384EA2 /* Build configuration list for PBXNativeTarget "TestVTB" */;
			buildPhases = (
				52153458266666A900384EA2 /* Sources */,
				52153459266666A900384EA2 /* Frameworks */,
				5215345A266666A900384EA2 /* Resources */,
			);
			buildRules = (
			);
			dependencies = (
			);
			name = TestVTB;
			productName = TestVTB;
			productReference = 5215345C266666A900384EA2 /* TestVTB.app */;
			productType = "com.apple.product-type.application";
		};
/* End PBXNativeTarget section */

/* Begin PBXProject section */
		52153454266666A900384EA2 /* Project object */ = {
			isa = PBXProject;
			attributes = {
				LastSwiftUpdateCheck = 1130;
				LastUpgradeCheck = 1130;
				ORGANIZATIONNAME = "OOO MegaStar";
				TargetAttributes = {
					5215345B266666A900384EA2 = {
						CreatedOnToolsVersion = 11.3;
					};
				};
			};
			buildConfigurationList = 52153457266666A900384EA2 /* Build configuration list for PBXProject "TestVTB" */;
			compatibilityVersion = "Xcode 9.3";
			developmentRegion = en;
			hasScannedForEncodings = 0;
			knownRegions = (
				en,
				Base,
			);
			mainGroup = 52153453266666A900384EA2;
			productRefGroup = 5215345D266666A900384EA2 /* Products */;
			projectDirPath = "";
			projectRoot = "";
			targets = (
				5215345B266666A900384EA2 /* TestVTB */,
			);
		};
/* End PBXProject section */

/* Begin PBXResourcesBuildPhase section */
		5215345A266666A900384EA2 /* Resources */ = {
			isa = PBXResourcesBuildPhase;
			buildActionMask = 2147483647;
			files = (
				5215346C266666AB00384EA2 /* LaunchScreen.storyboard in Resources */,
				52153469266666AB00384EA2 /* Assets.xcassets in Resources */,
			);
			runOnlyForDeploymentPostprocessing = 0;
		};
/* End PBXResourcesBuildPhase section */

/* Begin PBXSourcesBuildPhase section */
		52153458266666A900384EA2 /* Sources */ = {
			isa = PBXSourcesBuildPhase;
			buildActionMask = 2147483647;
			files = (
				520A215B266780040044C174 /* NetworkDataFetcher.swift in Sources */,
				520A2152266758040044C174 /* ViewModel.swift in Sources */,
				52153464266666A900384EA2 /* ViewControllerVideo.swift in Sources */,
				520A216326679EA70044C174 /* UIViewController.swift in Sources */,
				520A2155266769660044C174 /* DI.swift in Sources */,
				52153460266666A900384EA2 /* AppDelegate.swift in Sources */,
				520A215F2667821A0044C174 /* Model.swift in Sources */,
				52A1FDB9266CD6BC0081BB91 /* VideoViewModel.swift in Sources */,
				520A215D266780DE0044C174 /* DataFetcherService.swift in Sources */,
				52153462266666A900384EA2 /* SceneDelegate.swift in Sources */,
				520A21652667AE380044C174 /* Array.swift in Sources */,
				52153474266667A200384EA2 /* PageViewController.swift in Sources */,
				520A215926677FBD0044C174 /* NetworkService.swift in Sources */,
			);
			runOnlyForDeploymentPostprocessing = 0;
		};
/* End PBXSourcesBuildPhase section */

/* Begin PBXVariantGroup section */
		5215346A266666AB00384EA2 /* LaunchScreen.storyboard */ = {
			isa = PBXVariantGroup;
			children = (
				5215346B266666AB00384EA2 /* Base */,
			);
			name = LaunchScreen.storyboard;
			sourceTree = "<group>";
		};
/* End PBXVariantGroup section */

/* Begin XCBuildConfiguration section */
		5215346E266666AB00384EA2 /* Debug */ = {
			isa = XCBuildConfiguration;
			buildSettings = {
				ALWAYS_SEARCH_USER_PATHS = NO;
				CLANG_ANALYZER_NONNULL = YES;
				CLANG_ANALYZER_NUMBER_OBJECT_CONVERSION = YES_AGGRESSIVE;
				CLANG_CXX_LANGUAGE_STANDARD = "gnu++14";
				CLANG_CXX_LIBRARY = "libc++";
				CLANG_ENABLE_MODULES = YES;
				CLANG_ENABLE_OBJC_ARC = YES;
				CLANG_ENABLE_OBJC_WEAK = YES;
				CLANG_WARN_BLOCK_CAPTURE_AUTORELEASING = YES;
				CLANG_WARN_BOOL_CONVERSION = YES;
				CLANG_WARN_COMMA = YES;
				CLANG_WARN_CONSTANT_CONVERSION = YES;
				CLANG_WARN_DEPRECATED_OBJC_IMPLEMENTATIONS = YES;
				CLANG_WARN_DIRECT_OBJC_ISA_USAGE = YES_ERROR;
				CLANG_WARN_DOCUMENTATION_COMMENTS = YES;
				CLANG_WARN_EMPTY_BODY = YES;
				CLANG_WARN_ENUM_CONVERSION = YES;
				CLANG_WARN_INFINITE_RECURSION = YES;
				CLANG_WARN_INT_CONVERSION = YES;
				CLANG_WARN_NON_LITERAL_NULL_CONVERSION = YES;
				CLANG_WARN_OBJC_IMPLICIT_RETAIN_SELF = YES;
				CLANG_WARN_OBJC_LITERAL_CONVERSION = YES;
				CLANG_WARN_OBJC_ROOT_CLASS = YES_ERROR;
				CLANG_WARN_RANGE_LOOP_ANALYSIS = YES;
				CLANG_WARN_STRICT_PROTOTYPES = YES;
				CLANG_WARN_SUSPICIOUS_MOVE = YES;
				CLANG_WARN_UNGUARDED_AVAILABILITY = YES_AGGRESSIVE;
				CLANG_WARN_UNREACHABLE_CODE = YES;
				CLANG_WARN__DUPLICATE_METHOD_MATCH = YES;
				COPY_PHASE_STRIP = NO;
				DEBUG_INFORMATION_FORMAT = dwarf;
				ENABLE_STRICT_OBJC_MSGSEND = YES;
				ENABLE_TESTABILITY = YES;
				GCC_C_LANGUAGE_STANDARD = gnu11;
				GCC_DYNAMIC_NO_PIC = NO;
				GCC_NO_COMMON_BLOCKS = YES;
				GCC_OPTIMIZATION_LEVEL = 0;
				GCC_PREPROCESSOR_DEFINITIONS = (
					"DEBUG=1",
					"$(inherited)",
				);
				GCC_WARN_64_TO_32_BIT_CONVERSION = YES;
				GCC_WARN_ABOUT_RETURN_TYPE = YES_ERROR;
				GCC_WARN_UNDECLARED_SELECTOR = YES;
				GCC_WARN_UNINITIALIZED_AUTOS = YES_AGGRESSIVE;
				GCC_WARN_UNUSED_FUNCTION = YES;
				GCC_WARN_UNUSED_VARIABLE = YES;
				IPHONEOS_DEPLOYMENT_TARGET = 13.2;
				MTL_ENABLE_DEBUG_INFO = INCLUDE_SOURCE;
				MTL_FAST_MATH = YES;
				ONLY_ACTIVE_ARCH = YES;
				SDKROOT = iphoneos;
				SWIFT_ACTIVE_COMPILATION_CONDITIONS = DEBUG;
				SWIFT_OPTIMIZATION_LEVEL = "-Onone";
			};
			name = Debug;
		};
		5215346F266666AB00384EA2 /* Release */ = {
			isa = XCBuildConfiguration;
			buildSettings = {
				ALWAYS_SEARCH_USER_PATHS = NO;
				CLANG_ANALYZER_NONNULL = YES;
				CLANG_ANALYZER_NUMBER_OBJECT_CONVERSION = YES_AGGRESSIVE;
				CLANG_CXX_LANGUAGE_STANDARD = "gnu++14";
				CLANG_CXX_LIBRARY = "libc++";
				CLANG_ENABLE_MODULES = YES;
				CLANG_ENABLE_OBJC_ARC = YES;
				CLANG_ENABLE_OBJC_WEAK = YES;
				CLANG_WARN_BLOCK_CAPTURE_AUTORELEASING = YES;
				CLANG_WARN_BOOL_CONVERSION = YES;
				CLANG_WARN_COMMA = YES;
				CLANG_WARN_CONSTANT_CONVERSION = YES;
				CLANG_WARN_DEPRECATED_OBJC_IMPLEMENTATIONS = YES;
				CLANG_WARN_DIRECT_OBJC_ISA_USAGE = YES_ERROR;
				CLANG_WARN_DOCUMENTATION_COMMENTS = YES;
				CLANG_WARN_EMPTY_BODY = YES;
				CLANG_WARN_ENUM_CONVERSION = YES;
				CLANG_WARN_INFINITE_RECURSION = YES;
				CLANG_WARN_INT_CONVERSION = YES;
				CLANG_WARN_NON_LITERAL_NULL_CONVERSION = YES;
				CLANG_WARN_OBJC_IMPLICIT_RETAIN_SELF = YES;
				CLANG_WARN_OBJC_LITERAL_CONVERSION = YES;
				CLANG_WARN_OBJC_ROOT_CLASS = YES_ERROR;
				CLANG_WARN_RANGE_LOOP_ANALYSIS = YES;
				CLANG_WARN_STRICT_PROTOTYPES = YES;
				CLANG_WARN_SUSPICIOUS_MOVE = YES;
				CLANG_WARN_UNGUARDED_AVAILABILITY = YES_AGGRESSIVE;
				CLANG_WARN_UNREACHABLE_CODE = YES;
				CLANG_WARN__DUPLICATE_METHOD_MATCH = YES;
				COPY_PHASE_STRIP = NO;
				DEBUG_INFORMATION_FORMAT = "dwarf-with-dsym";
				ENABLE_NS_ASSERTIONS = NO;
				ENABLE_STRICT_OBJC_MSGSEND = YES;
				GCC_C_LANGUAGE_STANDARD = gnu11;
				GCC_NO_COMMON_BLOCKS = YES;
				GCC_WARN_64_TO_32_BIT_CONVERSION = YES;
				GCC_WARN_ABOUT_RETURN_TYPE = YES_ERROR;
				GCC_WARN_UNDECLARED_SELECTOR = YES;
				GCC_WARN_UNINITIALIZED_AUTOS = YES_AGGRESSIVE;
				GCC_WARN_UNUSED_FUNCTION = YES;
				GCC_WARN_UNUSED_VARIABLE = YES;
				IPHONEOS_DEPLOYMENT_TARGET = 13.2;
				MTL_ENABLE_DEBUG_INFO = NO;
				MTL_FAST_MATH = YES;
				SDKROOT = iphoneos;
				SWIFT_COMPILATION_MODE = wholemodule;
				SWIFT_OPTIMIZATION_LEVEL = "-O";
				VALIDATE_PRODUCT = YES;
			};
			name = Release;
		};
		52153471266666AB00384EA2 /* Debug */ = {
			isa = XCBuildConfiguration;
			buildSettings = {
				ASSETCATALOG_COMPILER_APPICON_NAME = AppIcon;
				CODE_SIGN_STYLE = Automatic;
				INFOPLIST_FILE = TestVTB/Resources/Info.plist;
				LD_RUNPATH_SEARCH_PATHS = (
					"$(inherited)",
					"@executable_path/Frameworks",
				);
				PRODUCT_BUNDLE_IDENTIFIER = com.SRv2.0.TestVTB;
				PRODUCT_NAME = "$(TARGET_NAME)";
				SWIFT_VERSION = 5.0;
				TARGETED_DEVICE_FAMILY = "1,2";
			};
			name = Debug;
		};
		52153472266666AB00384EA2 /* Release */ = {
			isa = XCBuildConfiguration;
			buildSettings = {
				ASSETCATALOG_COMPILER_APPICON_NAME = AppIcon;
				CODE_SIGN_STYLE = Automatic;
				INFOPLIST_FILE = TestVTB/Resources/Info.plist;
				LD_RUNPATH_SEARCH_PATHS = (
					"$(inherited)",
					"@executable_path/Frameworks",
				);
				PRODUCT_BUNDLE_IDENTIFIER = com.SRv2.0.TestVTB;
				PRODUCT_NAME = "$(TARGET_NAME)";
				SWIFT_VERSION = 5.0;
				TARGETED_DEVICE_FAMILY = "1,2";
			};
			name = Release;
		};
/* End XCBuildConfiguration section */

/* Begin XCConfigurationList section */
		52153457266666A900384EA2 /* Build configuration list for PBXProject "TestVTB" */ = {
			isa = XCConfigurationList;
			buildConfigurations = (
				5215346E266666AB00384EA2 /* Debug */,
				5215346F266666AB00384EA2 /* Release */,
			);
			defaultConfigurationIsVisible = 0;
			defaultConfigurationName = Release;
		};
		52153470266666AB00384EA2 /* Build configuration list for PBXNativeTarget "TestVTB" */ = {
			isa = XCConfigurationList;
			buildConfigurations = (
				52153471266666AB00384EA2 /* Debug */,
				52153472266666AB00384EA2 /* Release */,
			);
			defaultConfigurationIsVisible = 0;
			defaultConfigurationName = Release;
		};
/* End XCConfigurationList section */
	};
	rootObject = 52153454266666A900384EA2 /* Project object */;
}
